{
  "name": "BLOD",
  "lockfileVersion": 2,
  "requires": true,
  "packages": {
    "": {
      "dependencies": {
        "@jsc/chrome": "file:chrome",
        "@jsc/tampermonkey": "file:tampermonkey",
        "esbuild": "^0.17.11",
        "md5": "^2.3.0",
        "protobufjs": "^7.2.2",
        "quill-delta-to-html-cb": "^0.14.0"
      },
      "devDependencies": {
        "@types/md5": "^2.3.2",
        "fs-extra": "^11.1.0",
        "navigation-api-types": "^0.3.1",
        "typescript": "^4.9.5"
      }
    },
    "chrome": {
      "name": "@jsc/chrome",
      "version": "1.0.0",
      "license": "MIT",
      "devDependencies": {
        "@types/chrome": "^0.0.212"
      }
    },
    "node_modules/@esbuild/android-arm": {
      "version": "0.17.11",
      "resolved": "https://registry.npmjs.org/@esbuild/android-arm/-/android-arm-0.17.11.tgz",
      "integrity": "sha512-CdyX6sRVh1NzFCsf5vw3kULwlAhfy9wVt8SZlrhQ7eL2qBjGbFhRBWkkAzuZm9IIEOCKJw4DXA6R85g+qc8RDw==",
      "cpu": [
        "arm"
      ],
      "optional": true,
      "os": [
        "android"
      ],
      "engines": {
        "node": ">=12"
      }
    },
    "node_modules/@esbuild/android-arm64": {
      "version": "0.17.11",
      "resolved": "https://registry.npmjs.org/@esbuild/android-arm64/-/android-arm64-0.17.11.tgz",
      "integrity": "sha512-QnK4d/zhVTuV4/pRM4HUjcsbl43POALU2zvBynmrrqZt9LPcLA3x1fTZPBg2RRguBQnJcnU059yKr+bydkntjg==",
      "cpu": [
        "arm64"
      ],
      "optional": true,
      "os": [
        "android"
      ],
      "engines": {
        "node": ">=12"
      }
    },
    "node_modules/@esbuild/android-x64": {
      "version": "0.17.11",
      "resolved": "https://registry.npmjs.org/@esbuild/android-x64/-/android-x64-0.17.11.tgz",
      "integrity": "sha512-3PL3HKtsDIXGQcSCKtWD/dy+mgc4p2Tvo2qKgKHj9Yf+eniwFnuoQ0OUhlSfAEpKAFzF9N21Nwgnap6zy3L3MQ==",
      "cpu": [
        "x64"
      ],
      "optional": true,
      "os": [
        "android"
      ],
      "engines": {
        "node": ">=12"
      }
    },
    "node_modules/@esbuild/darwin-arm64": {
      "version": "0.17.11",
      "resolved": "https://registry.npmjs.org/@esbuild/darwin-arm64/-/darwin-arm64-0.17.11.tgz",
      "integrity": "sha512-pJ950bNKgzhkGNO3Z9TeHzIFtEyC2GDQL3wxkMApDEghYx5Qers84UTNc1bAxWbRkuJOgmOha5V0WUeh8G+YGw==",
      "cpu": [
        "arm64"
      ],
      "optional": true,
      "os": [
        "darwin"
      ],
      "engines": {
        "node": ">=12"
      }
    },
    "node_modules/@esbuild/darwin-x64": {
      "version": "0.17.11",
      "resolved": "https://registry.npmjs.org/@esbuild/darwin-x64/-/darwin-x64-0.17.11.tgz",
      "integrity": "sha512-iB0dQkIHXyczK3BZtzw1tqegf0F0Ab5texX2TvMQjiJIWXAfM4FQl7D909YfXWnB92OQz4ivBYQ2RlxBJrMJOw==",
      "cpu": [
        "x64"
      ],
      "optional": true,
      "os": [
        "darwin"
      ],
      "engines": {
        "node": ">=12"
      }
    },
    "node_modules/@esbuild/freebsd-arm64": {
      "version": "0.17.11",
      "resolved": "https://registry.npmjs.org/@esbuild/freebsd-arm64/-/freebsd-arm64-0.17.11.tgz",
      "integrity": "sha512-7EFzUADmI1jCHeDRGKgbnF5sDIceZsQGapoO6dmw7r/ZBEKX7CCDnIz8m9yEclzr7mFsd+DyasHzpjfJnmBB1Q==",
      "cpu": [
        "arm64"
      ],
      "optional": true,
      "os": [
        "freebsd"
      ],
      "engines": {
        "node": ">=12"
      }
    },
    "node_modules/@esbuild/freebsd-x64": {
      "version": "0.17.11",
      "resolved": "https://registry.npmjs.org/@esbuild/freebsd-x64/-/freebsd-x64-0.17.11.tgz",
      "integrity": "sha512-iPgenptC8i8pdvkHQvXJFzc1eVMR7W2lBPrTE6GbhR54sLcF42mk3zBOjKPOodezzuAz/KSu8CPyFSjcBMkE9g==",
      "cpu": [
        "x64"
      ],
      "optional": true,
      "os": [
        "freebsd"
      ],
      "engines": {
        "node": ">=12"
      }
    },
    "node_modules/@esbuild/linux-arm": {
      "version": "0.17.11",
      "resolved": "https://registry.npmjs.org/@esbuild/linux-arm/-/linux-arm-0.17.11.tgz",
      "integrity": "sha512-M9iK/d4lgZH0U5M1R2p2gqhPV/7JPJcRz+8O8GBKVgqndTzydQ7B2XGDbxtbvFkvIs53uXTobOhv+RyaqhUiMg==",
      "cpu": [
        "arm"
      ],
      "optional": true,
      "os": [
        "linux"
      ],
      "engines": {
        "node": ">=12"
      }
    },
    "node_modules/@esbuild/linux-arm64": {
      "version": "0.17.11",
      "resolved": "https://registry.npmjs.org/@esbuild/linux-arm64/-/linux-arm64-0.17.11.tgz",
      "integrity": "sha512-Qxth3gsWWGKz2/qG2d5DsW/57SeA2AmpSMhdg9TSB5Svn2KDob3qxfQSkdnWjSd42kqoxIPy3EJFs+6w1+6Qjg==",
      "cpu": [
        "arm64"
      ],
      "optional": true,
      "os": [
        "linux"
      ],
      "engines": {
        "node": ">=12"
      }
    },
    "node_modules/@esbuild/linux-ia32": {
      "version": "0.17.11",
      "resolved": "https://registry.npmjs.org/@esbuild/linux-ia32/-/linux-ia32-0.17.11.tgz",
      "integrity": "sha512-dB1nGaVWtUlb/rRDHmuDQhfqazWE0LMro/AIbT2lWM3CDMHJNpLckH+gCddQyhhcLac2OYw69ikUMO34JLt3wA==",
      "cpu": [
        "ia32"
      ],
      "optional": true,
      "os": [
        "linux"
      ],
      "engines": {
        "node": ">=12"
      }
    },
    "node_modules/@esbuild/linux-loong64": {
      "version": "0.17.11",
      "resolved": "https://registry.npmjs.org/@esbuild/linux-loong64/-/linux-loong64-0.17.11.tgz",
      "integrity": "sha512-aCWlq70Q7Nc9WDnormntGS1ar6ZFvUpqr8gXtO+HRejRYPweAFQN615PcgaSJkZjhHp61+MNLhzyVALSF2/Q0g==",
      "cpu": [
        "loong64"
      ],
      "optional": true,
      "os": [
        "linux"
      ],
      "engines": {
        "node": ">=12"
      }
    },
    "node_modules/@esbuild/linux-mips64el": {
      "version": "0.17.11",
      "resolved": "https://registry.npmjs.org/@esbuild/linux-mips64el/-/linux-mips64el-0.17.11.tgz",
      "integrity": "sha512-cGeGNdQxqY8qJwlYH1BP6rjIIiEcrM05H7k3tR7WxOLmD1ZxRMd6/QIOWMb8mD2s2YJFNRuNQ+wjMhgEL2oCEw==",
      "cpu": [
        "mips64el"
      ],
      "optional": true,
      "os": [
        "linux"
      ],
      "engines": {
        "node": ">=12"
      }
    },
    "node_modules/@esbuild/linux-ppc64": {
      "version": "0.17.11",
      "resolved": "https://registry.npmjs.org/@esbuild/linux-ppc64/-/linux-ppc64-0.17.11.tgz",
      "integrity": "sha512-BdlziJQPW/bNe0E8eYsHB40mYOluS+jULPCjlWiHzDgr+ZBRXPtgMV1nkLEGdpjrwgmtkZHEGEPaKdS/8faLDA==",
      "cpu": [
        "ppc64"
      ],
      "optional": true,
      "os": [
        "linux"
      ],
      "engines": {
        "node": ">=12"
      }
    },
    "node_modules/@esbuild/linux-riscv64": {
      "version": "0.17.11",
      "resolved": "https://registry.npmjs.org/@esbuild/linux-riscv64/-/linux-riscv64-0.17.11.tgz",
      "integrity": "sha512-MDLwQbtF+83oJCI1Cixn68Et/ME6gelmhssPebC40RdJaect+IM+l7o/CuG0ZlDs6tZTEIoxUe53H3GmMn8oMA==",
      "cpu": [
        "riscv64"
      ],
      "optional": true,
      "os": [
        "linux"
      ],
      "engines": {
        "node": ">=12"
      }
    },
    "node_modules/@esbuild/linux-s390x": {
      "version": "0.17.11",
      "resolved": "https://registry.npmjs.org/@esbuild/linux-s390x/-/linux-s390x-0.17.11.tgz",
      "integrity": "sha512-4N5EMESvws0Ozr2J94VoUD8HIRi7X0uvUv4c0wpTHZyZY9qpaaN7THjosdiW56irQ4qnJ6Lsc+i+5zGWnyqWqQ==",
      "cpu": [
        "s390x"
      ],
      "optional": true,
      "os": [
        "linux"
      ],
      "engines": {
        "node": ">=12"
      }
    },
    "node_modules/@esbuild/linux-x64": {
      "version": "0.17.11",
      "resolved": "https://registry.npmjs.org/@esbuild/linux-x64/-/linux-x64-0.17.11.tgz",
      "integrity": "sha512-rM/v8UlluxpytFSmVdbCe1yyKQd/e+FmIJE2oPJvbBo+D0XVWi1y/NQ4iTNx+436WmDHQBjVLrbnAQLQ6U7wlw==",
      "cpu": [
        "x64"
      ],
      "optional": true,
      "os": [
        "linux"
      ],
      "engines": {
        "node": ">=12"
      }
    },
    "node_modules/@esbuild/netbsd-x64": {
      "version": "0.17.11",
      "resolved": "https://registry.npmjs.org/@esbuild/netbsd-x64/-/netbsd-x64-0.17.11.tgz",
      "integrity": "sha512-4WaAhuz5f91h3/g43VBGdto1Q+X7VEZfpcWGtOFXnggEuLvjV+cP6DyLRU15IjiU9fKLLk41OoJfBFN5DhPvag==",
      "cpu": [
        "x64"
      ],
      "optional": true,
      "os": [
        "netbsd"
      ],
      "engines": {
        "node": ">=12"
      }
    },
    "node_modules/@esbuild/openbsd-x64": {
      "version": "0.17.11",
      "resolved": "https://registry.npmjs.org/@esbuild/openbsd-x64/-/openbsd-x64-0.17.11.tgz",
      "integrity": "sha512-UBj135Nx4FpnvtE+C8TWGp98oUgBcmNmdYgl5ToKc0mBHxVVqVE7FUS5/ELMImOp205qDAittL6Ezhasc2Ev/w==",
      "cpu": [
        "x64"
      ],
      "optional": true,
      "os": [
        "openbsd"
      ],
      "engines": {
        "node": ">=12"
      }
    },
    "node_modules/@esbuild/sunos-x64": {
      "version": "0.17.11",
      "resolved": "https://registry.npmjs.org/@esbuild/sunos-x64/-/sunos-x64-0.17.11.tgz",
      "integrity": "sha512-1/gxTifDC9aXbV2xOfCbOceh5AlIidUrPsMpivgzo8P8zUtczlq1ncFpeN1ZyQJ9lVs2hILy1PG5KPp+w8QPPg==",
      "cpu": [
        "x64"
      ],
      "optional": true,
      "os": [
        "sunos"
      ],
      "engines": {
        "node": ">=12"
      }
    },
    "node_modules/@esbuild/win32-arm64": {
      "version": "0.17.11",
      "resolved": "https://registry.npmjs.org/@esbuild/win32-arm64/-/win32-arm64-0.17.11.tgz",
      "integrity": "sha512-vtSfyx5yRdpiOW9yp6Ax0zyNOv9HjOAw8WaZg3dF5djEHKKm3UnoohftVvIJtRh0Ec7Hso0RIdTqZvPXJ7FdvQ==",
      "cpu": [
        "arm64"
      ],
      "optional": true,
      "os": [
        "win32"
      ],
      "engines": {
        "node": ">=12"
      }
    },
    "node_modules/@esbuild/win32-ia32": {
      "version": "0.17.11",
      "resolved": "https://registry.npmjs.org/@esbuild/win32-ia32/-/win32-ia32-0.17.11.tgz",
      "integrity": "sha512-GFPSLEGQr4wHFTiIUJQrnJKZhZjjq4Sphf+mM76nQR6WkQn73vm7IsacmBRPkALfpOCHsopSvLgqdd4iUW2mYw==",
      "cpu": [
        "ia32"
      ],
      "optional": true,
      "os": [
        "win32"
      ],
      "engines": {
        "node": ">=12"
      }
    },
    "node_modules/@esbuild/win32-x64": {
      "version": "0.17.11",
      "resolved": "https://registry.npmjs.org/@esbuild/win32-x64/-/win32-x64-0.17.11.tgz",
      "integrity": "sha512-N9vXqLP3eRL8BqSy8yn4Y98cZI2pZ8fyuHx6lKjiG2WABpT2l01TXdzq5Ma2ZUBzfB7tx5dXVhge8X9u0S70ZQ==",
      "cpu": [
        "x64"
      ],
      "optional": true,
      "os": [
        "win32"
      ],
      "engines": {
        "node": ">=12"
      }
    },
    "node_modules/@jsc/chrome": {
      "resolved": "chrome",
      "link": true
    },
    "node_modules/@jsc/tampermonkey": {
      "resolved": "tampermonkey",
      "link": true
    },
    "node_modules/@protobufjs/aspromise": {
      "version": "1.1.2",
      "resolved": "https://registry.npmmirror.com/@protobufjs/aspromise/-/aspromise-1.1.2.tgz",
      "integrity": "sha512-j+gKExEuLmKwvz3OgROXtrJ2UG2x8Ch2YZUxahh+s1F2HZ+wAceUNLkvy6zKCPVRkU++ZWQrdxsUeQXmcg4uoQ=="
    },
    "node_modules/@protobufjs/base64": {
      "version": "1.1.2",
      "resolved": "https://registry.npmmirror.com/@protobufjs/base64/-/base64-1.1.2.tgz",
      "integrity": "sha512-AZkcAA5vnN/v4PDqKyMR5lx7hZttPDgClv83E//FMNhR2TMcLUhfRUBHCmSl0oi9zMgDDqRUJkSxO3wm85+XLg=="
    },
    "node_modules/@protobufjs/codegen": {
      "version": "2.0.4",
      "resolved": "https://registry.npmmirror.com/@protobufjs/codegen/-/codegen-2.0.4.tgz",
      "integrity": "sha512-YyFaikqM5sH0ziFZCN3xDC7zeGaB/d0IUb9CATugHWbd1FRFwWwt4ld4OYMPWu5a3Xe01mGAULCdqhMlPl29Jg=="
    },
    "node_modules/@protobufjs/eventemitter": {
      "version": "1.1.0",
      "resolved": "https://registry.npmmirror.com/@protobufjs/eventemitter/-/eventemitter-1.1.0.tgz",
      "integrity": "sha512-j9ednRT81vYJ9OfVuXG6ERSTdEL1xVsNgqpkxMsbIabzSo3goCjDIveeGv5d03om39ML71RdmrGNjG5SReBP/Q=="
    },
    "node_modules/@protobufjs/fetch": {
      "version": "1.1.0",
      "resolved": "https://registry.npmmirror.com/@protobufjs/fetch/-/fetch-1.1.0.tgz",
      "integrity": "sha512-lljVXpqXebpsijW71PZaCYeIcE5on1w5DlQy5WH6GLbFryLUrBD4932W/E2BSpfRJWseIL4v/KPgBFxDOIdKpQ==",
      "dependencies": {
        "@protobufjs/aspromise": "^1.1.1",
        "@protobufjs/inquire": "^1.1.0"
      }
    },
    "node_modules/@protobufjs/float": {
      "version": "1.0.2",
      "resolved": "https://registry.npmmirror.com/@protobufjs/float/-/float-1.0.2.tgz",
      "integrity": "sha512-Ddb+kVXlXst9d+R9PfTIxh1EdNkgoRe5tOX6t01f1lYWOvJnSPDBlG241QLzcyPdoNTsblLUdujGSE4RzrTZGQ=="
    },
    "node_modules/@protobufjs/inquire": {
      "version": "1.1.0",
      "resolved": "https://registry.npmmirror.com/@protobufjs/inquire/-/inquire-1.1.0.tgz",
      "integrity": "sha512-kdSefcPdruJiFMVSbn801t4vFK7KB/5gd2fYvrxhuJYg8ILrmn9SKSX2tZdV6V+ksulWqS7aXjBcRXl3wHoD9Q=="
    },
    "node_modules/@protobufjs/path": {
      "version": "1.1.2",
      "resolved": "https://registry.npmmirror.com/@protobufjs/path/-/path-1.1.2.tgz",
      "integrity": "sha512-6JOcJ5Tm08dOHAbdR3GrvP+yUUfkjG5ePsHYczMFLq3ZmMkAD98cDgcT2iA1lJ9NVwFd4tH/iSSoe44YWkltEA=="
    },
    "node_modules/@protobufjs/pool": {
      "version": "1.1.0",
      "resolved": "https://registry.npmmirror.com/@protobufjs/pool/-/pool-1.1.0.tgz",
      "integrity": "sha512-0kELaGSIDBKvcgS4zkjz1PeddatrjYcmMWOlAuAPwAeccUrPHdUqo/J6LiymHHEiJT5NrF1UVwxY14f+fy4WQw=="
    },
    "node_modules/@protobufjs/utf8": {
      "version": "1.1.0",
      "resolved": "https://registry.npmmirror.com/@protobufjs/utf8/-/utf8-1.1.0.tgz",
      "integrity": "sha512-Vvn3zZrhQZkkBE8LSuW3em98c0FwgO4nxzv6OdSxPKJIEKY2bGbHn+mhGIPerzI4twdxaP8/0+06HBpwf345Lw=="
    },
    "node_modules/@types/chrome": {
      "version": "0.0.212",
      "resolved": "https://registry.npmmirror.com/@types/chrome/-/chrome-0.0.212.tgz",
      "integrity": "sha512-O9blKfj6mQyBvkexEa71xcpRfkjAu8izQD3qGYfdwffk+mJhF7eogz628bZr5dETT6Eu7vU0stUGYG/+EQWj9g==",
      "dev": true,
      "dependencies": {
        "@types/filesystem": "*",
        "@types/har-format": "*"
      }
    },
    "node_modules/@types/filesystem": {
      "version": "0.0.32",
      "resolved": "https://registry.npmmirror.com/@types/filesystem/-/filesystem-0.0.32.tgz",
      "integrity": "sha512-Yuf4jR5YYMR2DVgwuCiP11s0xuVRyPKmz8vo6HBY3CGdeMj8af93CFZX+T82+VD1+UqHOxTq31lO7MI7lepBtQ==",
      "dev": true,
      "dependencies": {
        "@types/filewriter": "*"
      }
    },
    "node_modules/@types/filewriter": {
      "version": "0.0.29",
      "resolved": "https://registry.npmmirror.com/@types/filewriter/-/filewriter-0.0.29.tgz",
      "integrity": "sha512-BsPXH/irW0ht0Ji6iw/jJaK8Lj3FJemon2gvEqHKpCdDCeemHa+rI3WBGq5z7cDMZgoLjY40oninGxqk+8NzNQ==",
      "dev": true
    },
    "node_modules/@types/har-format": {
      "version": "1.2.10",
      "resolved": "https://registry.npmmirror.com/@types/har-format/-/har-format-1.2.10.tgz",
      "integrity": "sha512-o0J30wqycjF5miWDKYKKzzOU1ZTLuA42HZ4HE7/zqTOc/jTLdQ5NhYWvsRQo45Nfi1KHoRdNhteSI4BAxTF1Pg==",
      "dev": true
    },
    "node_modules/@types/md5": {
      "version": "2.3.2",
      "resolved": "https://registry.npmmirror.com/@types/md5/-/md5-2.3.2.tgz",
      "integrity": "sha512-v+JFDu96+UYJ3/UWzB0mEglIS//MZXgRaJ4ubUPwOM0gvLc/kcQ3TWNYwENEK7/EcXGQVrW8h/XqednSjBd/Og==",
      "dev": true
    },
    "node_modules/@types/node": {
      "version": "18.13.0",
      "resolved": "https://registry.npmmirror.com/@types/node/-/node-18.13.0.tgz",
      "integrity": "sha512-gC3TazRzGoOnoKAhUx+Q0t8S9Tzs74z7m0ipwGpSqQrleP14hKxP4/JUeEQcD3W1/aIpnWl8pHowI7WokuZpXg=="
    },
    "node_modules/charenc": {
      "version": "0.0.2",
      "resolved": "https://registry.npmmirror.com/charenc/-/charenc-0.0.2.tgz",
      "integrity": "sha512-yrLQ/yVUFXkzg7EDQsPieE/53+0RlaWTs+wBrvW36cyilJ2SaDWfl4Yj7MtLTXleV9uEKefbAGUPv2/iWSooRA==",
      "engines": {
        "node": "*"
      }
    },
    "node_modules/crypt": {
      "version": "0.0.2",
      "resolved": "https://registry.npmmirror.com/crypt/-/crypt-0.0.2.tgz",
      "integrity": "sha512-mCxBlsHFYh9C+HVpiEacem8FEBnMXgU9gy4zmNC+SXAZNB/1idgp/aulFJ4FgCi7GPEVbfyng092GqL2k2rmow==",
      "engines": {
        "node": "*"
      }
    },
    "node_modules/esbuild": {
      "version": "0.17.11",
      "resolved": "https://registry.npmjs.org/esbuild/-/esbuild-0.17.11.tgz",
      "integrity": "sha512-pAMImyokbWDtnA/ufPxjQg0fYo2DDuzAlqwnDvbXqHLphe+m80eF++perYKVm8LeTuj2zUuFXC+xgSVxyoHUdg==",
      "hasInstallScript": true,
      "bin": {
        "esbuild": "bin/esbuild"
      },
      "engines": {
        "node": ">=12"
      },
      "optionalDependencies": {
        "@esbuild/android-arm": "0.17.11",
        "@esbuild/android-arm64": "0.17.11",
        "@esbuild/android-x64": "0.17.11",
        "@esbuild/darwin-arm64": "0.17.11",
        "@esbuild/darwin-x64": "0.17.11",
        "@esbuild/freebsd-arm64": "0.17.11",
        "@esbuild/freebsd-x64": "0.17.11",
        "@esbuild/linux-arm": "0.17.11",
        "@esbuild/linux-arm64": "0.17.11",
        "@esbuild/linux-ia32": "0.17.11",
        "@esbuild/linux-loong64": "0.17.11",
        "@esbuild/linux-mips64el": "0.17.11",
        "@esbuild/linux-ppc64": "0.17.11",
        "@esbuild/linux-riscv64": "0.17.11",
        "@esbuild/linux-s390x": "0.17.11",
        "@esbuild/linux-x64": "0.17.11",
        "@esbuild/netbsd-x64": "0.17.11",
        "@esbuild/openbsd-x64": "0.17.11",
        "@esbuild/sunos-x64": "0.17.11",
        "@esbuild/win32-arm64": "0.17.11",
        "@esbuild/win32-ia32": "0.17.11",
        "@esbuild/win32-x64": "0.17.11"
      }
    },
    "node_modules/fs-extra": {
      "version": "11.1.0",
      "resolved": "https://registry.npmmirror.com/fs-extra/-/fs-extra-11.1.0.tgz",
      "integrity": "sha512-0rcTq621PD5jM/e0a3EJoGC/1TC5ZBCERW82LQuwfGnCa1V8w7dpYH1yNu+SLb6E5dkeCBzKEyLGlFrnr+dUyw==",
      "dev": true,
      "dependencies": {
        "graceful-fs": "^4.2.0",
        "jsonfile": "^6.0.1",
        "universalify": "^2.0.0"
      },
      "engines": {
        "node": ">=14.14"
      }
    },
    "node_modules/graceful-fs": {
      "version": "4.2.10",
      "resolved": "https://registry.npmmirror.com/graceful-fs/-/graceful-fs-4.2.10.tgz",
      "integrity": "sha512-9ByhssR2fPVsNZj478qUUbKfmL0+t5BDVyjShtyZZLiK7ZDAArFFfopyOTj0M05wE2tJPisA4iTnnXl2YoPvOA==",
      "dev": true
    },
    "node_modules/is-buffer": {
      "version": "1.1.6",
      "resolved": "https://registry.npmmirror.com/is-buffer/-/is-buffer-1.1.6.tgz",
      "integrity": "sha512-NcdALwpXkTm5Zvvbk7owOUSvVvBKDgKP5/ewfXEznmQFfs4ZRmanOeKBTjRVjka3QFoN6XJ+9F3USqfHqTaU5w=="
    },
    "node_modules/jsonfile": {
      "version": "6.1.0",
      "resolved": "https://registry.npmmirror.com/jsonfile/-/jsonfile-6.1.0.tgz",
      "integrity": "sha512-5dgndWOriYSm5cnYaJNhalLNDKOqFwyDB/rr1E9ZsGciGvKPs8R2xYGCacuf3z6K1YKDz182fd+fY3cn3pMqXQ==",
      "dev": true,
      "dependencies": {
        "universalify": "^2.0.0"
      },
      "optionalDependencies": {
        "graceful-fs": "^4.1.6"
      }
    },
    "node_modules/lodash.isequal": {
      "version": "4.5.0",
      "resolved": "https://registry.npmmirror.com/lodash.isequal/-/lodash.isequal-4.5.0.tgz",
      "integrity": "sha512-pDo3lu8Jhfjqls6GkMgpahsF9kCyayhgykjyLMNFTKWrpVdAQtYyB4muAMWozBB4ig/dtWAmsMxLEI8wuz+DYQ=="
    },
    "node_modules/long": {
      "version": "5.2.1",
      "resolved": "https://registry.npmmirror.com/long/-/long-5.2.1.tgz",
      "integrity": "sha512-GKSNGeNAtw8IryjjkhZxuKB3JzlcLTwjtiQCHKvqQet81I93kXslhDQruGI/QsddO83mcDToBVy7GqGS/zYf/A=="
    },
    "node_modules/md5": {
      "version": "2.3.0",
      "resolved": "https://registry.npmmirror.com/md5/-/md5-2.3.0.tgz",
      "integrity": "sha512-T1GITYmFaKuO91vxyoQMFETst+O71VUPEU3ze5GNzDm0OWdP8v1ziTaAEPUr/3kLsY3Sftgz242A1SetQiDL7g==",
      "dependencies": {
        "charenc": "0.0.2",
        "crypt": "0.0.2",
        "is-buffer": "~1.1.6"
      }
    },
    "node_modules/navigation-api-types": {
      "version": "0.3.1",
      "resolved": "https://registry.npmjs.org/navigation-api-types/-/navigation-api-types-0.3.1.tgz",
      "integrity": "sha512-BLS2CtasPQrkzlju7obzdulzTSjpwVQGJroCwSihKIInxKQ4JZZvFW/nSP01u7IflTe1pdA7CSHyicQLWhauaQ==",
      "dev": true
    },
    "node_modules/protobufjs": {
      "version": "7.2.2",
      "resolved": "https://registry.npmmirror.com/protobufjs/-/protobufjs-7.2.2.tgz",
      "integrity": "sha512-++PrQIjrom+bFDPpfmqXfAGSQs40116JRrqqyf53dymUMvvb5d/LMRyicRoF1AUKoXVS1/IgJXlEgcpr4gTF3Q==",
      "hasInstallScript": true,
      "dependencies": {
        "@protobufjs/aspromise": "^1.1.2",
        "@protobufjs/base64": "^1.1.2",
        "@protobufjs/codegen": "^2.0.4",
        "@protobufjs/eventemitter": "^1.1.0",
        "@protobufjs/fetch": "^1.1.0",
        "@protobufjs/float": "^1.0.2",
        "@protobufjs/inquire": "^1.1.0",
        "@protobufjs/path": "^1.1.2",
        "@protobufjs/pool": "^1.1.0",
        "@protobufjs/utf8": "^1.1.0",
        "@types/node": ">=13.7.0",
        "long": "^5.0.0"
      },
      "engines": {
        "node": ">=12.0.0"
      }
    },
    "node_modules/quill-delta-to-html-cb": {
      "version": "0.14.0",
      "resolved": "https://registry.npmmirror.com/quill-delta-to-html-cb/-/quill-delta-to-html-cb-0.14.0.tgz",
      "integrity": "sha512-BTJj+MZKMoCatpHEPkihJ9mX6swKVLflzAaAVtL51QZvZ/427L4SNm6HNosURKA/Sot+Tvi3of4nx2QrcI6rhA==",
      "dependencies": {
        "lodash.isequal": "^4.5.0"
      }
    },
    "node_modules/typescript": {
      "version": "4.9.5",
      "resolved": "https://registry.npmmirror.com/typescript/-/typescript-4.9.5.tgz",
      "integrity": "sha512-1FXk9E2Hm+QzZQ7z+McJiHL4NW1F2EzMu9Nq9i3zAaGqibafqYwCVU6WyWAuyQRRzOlxou8xZSyXLEN8oKj24g==",
      "dev": true,
      "bin": {
        "tsc": "bin/tsc",
        "tsserver": "bin/tsserver"
      },
      "engines": {
        "node": ">=4.2.0"
      }
    },
    "node_modules/universalify": {
      "version": "2.0.0",
      "resolved": "https://registry.npmmirror.com/universalify/-/universalify-2.0.0.tgz",
      "integrity": "sha512-hAZsKq7Yy11Zu1DE0OzWjw7nnLZmJZYTDZZyEFHZdUhV8FkH5MCfoU1XMaxXovpyW5nq5scPqq0ZDP9Zyl04oQ==",
      "dev": true,
      "engines": {
        "node": ">= 10.0.0"
      }
    },
    "tampermonkey": {
      "name": "@jsc/tampermonkey",
      "version": "1.0.0",
      "license": "MIT"
    }
  },
  "dependencies": {
    "@esbuild/android-arm": {
      "version": "0.17.11",
      "resolved": "https://registry.npmjs.org/@esbuild/android-arm/-/android-arm-0.17.11.tgz",
      "integrity": "sha512-CdyX6sRVh1NzFCsf5vw3kULwlAhfy9wVt8SZlrhQ7eL2qBjGbFhRBWkkAzuZm9IIEOCKJw4DXA6R85g+qc8RDw==",
      "optional": true
    },
    "@esbuild/android-arm64": {
      "version": "0.17.11",
      "resolved": "https://registry.npmjs.org/@esbuild/android-arm64/-/android-arm64-0.17.11.tgz",
      "integrity": "sha512-QnK4d/zhVTuV4/pRM4HUjcsbl43POALU2zvBynmrrqZt9LPcLA3x1fTZPBg2RRguBQnJcnU059yKr+bydkntjg==",
      "optional": true
    },
    "@esbuild/android-x64": {
      "version": "0.17.11",
      "resolved": "https://registry.npmjs.org/@esbuild/android-x64/-/android-x64-0.17.11.tgz",
      "integrity": "sha512-3PL3HKtsDIXGQcSCKtWD/dy+mgc4p2Tvo2qKgKHj9Yf+eniwFnuoQ0OUhlSfAEpKAFzF9N21Nwgnap6zy3L3MQ==",
      "optional": true
    },
    "@esbuild/darwin-arm64": {
      "version": "0.17.11",
      "resolved": "https://registry.npmjs.org/@esbuild/darwin-arm64/-/darwin-arm64-0.17.11.tgz",
      "integrity": "sha512-pJ950bNKgzhkGNO3Z9TeHzIFtEyC2GDQL3wxkMApDEghYx5Qers84UTNc1bAxWbRkuJOgmOha5V0WUeh8G+YGw==",
      "optional": true
    },
    "@esbuild/darwin-x64": {
      "version": "0.17.11",
      "resolved": "https://registry.npmjs.org/@esbuild/darwin-x64/-/darwin-x64-0.17.11.tgz",
      "integrity": "sha512-iB0dQkIHXyczK3BZtzw1tqegf0F0Ab5texX2TvMQjiJIWXAfM4FQl7D909YfXWnB92OQz4ivBYQ2RlxBJrMJOw==",
      "optional": true
    },
    "@esbuild/freebsd-arm64": {
      "version": "0.17.11",
      "resolved": "https://registry.npmjs.org/@esbuild/freebsd-arm64/-/freebsd-arm64-0.17.11.tgz",
      "integrity": "sha512-7EFzUADmI1jCHeDRGKgbnF5sDIceZsQGapoO6dmw7r/ZBEKX7CCDnIz8m9yEclzr7mFsd+DyasHzpjfJnmBB1Q==",
      "optional": true
    },
    "@esbuild/freebsd-x64": {
      "version": "0.17.11",
      "resolved": "https://registry.npmjs.org/@esbuild/freebsd-x64/-/freebsd-x64-0.17.11.tgz",
      "integrity": "sha512-iPgenptC8i8pdvkHQvXJFzc1eVMR7W2lBPrTE6GbhR54sLcF42mk3zBOjKPOodezzuAz/KSu8CPyFSjcBMkE9g==",
      "optional": true
    },
    "@esbuild/linux-arm": {
      "version": "0.17.11",
      "resolved": "https://registry.npmjs.org/@esbuild/linux-arm/-/linux-arm-0.17.11.tgz",
      "integrity": "sha512-M9iK/d4lgZH0U5M1R2p2gqhPV/7JPJcRz+8O8GBKVgqndTzydQ7B2XGDbxtbvFkvIs53uXTobOhv+RyaqhUiMg==",
      "optional": true
    },
    "@esbuild/linux-arm64": {
      "version": "0.17.11",
      "resolved": "https://registry.npmjs.org/@esbuild/linux-arm64/-/linux-arm64-0.17.11.tgz",
      "integrity": "sha512-Qxth3gsWWGKz2/qG2d5DsW/57SeA2AmpSMhdg9TSB5Svn2KDob3qxfQSkdnWjSd42kqoxIPy3EJFs+6w1+6Qjg==",
      "optional": true
    },
    "@esbuild/linux-ia32": {
      "version": "0.17.11",
      "resolved": "https://registry.npmjs.org/@esbuild/linux-ia32/-/linux-ia32-0.17.11.tgz",
      "integrity": "sha512-dB1nGaVWtUlb/rRDHmuDQhfqazWE0LMro/AIbT2lWM3CDMHJNpLckH+gCddQyhhcLac2OYw69ikUMO34JLt3wA==",
      "optional": true
    },
    "@esbuild/linux-loong64": {
      "version": "0.17.11",
      "resolved": "https://registry.npmjs.org/@esbuild/linux-loong64/-/linux-loong64-0.17.11.tgz",
      "integrity": "sha512-aCWlq70Q7Nc9WDnormntGS1ar6ZFvUpqr8gXtO+HRejRYPweAFQN615PcgaSJkZjhHp61+MNLhzyVALSF2/Q0g==",
      "optional": true
    },
    "@esbuild/linux-mips64el": {
      "version": "0.17.11",
      "resolved": "https://registry.npmjs.org/@esbuild/linux-mips64el/-/linux-mips64el-0.17.11.tgz",
      "integrity": "sha512-cGeGNdQxqY8qJwlYH1BP6rjIIiEcrM05H7k3tR7WxOLmD1ZxRMd6/QIOWMb8mD2s2YJFNRuNQ+wjMhgEL2oCEw==",
      "optional": true
    },
    "@esbuild/linux-ppc64": {
      "version": "0.17.11",
      "resolved": "https://registry.npmjs.org/@esbuild/linux-ppc64/-/linux-ppc64-0.17.11.tgz",
      "integrity": "sha512-BdlziJQPW/bNe0E8eYsHB40mYOluS+jULPCjlWiHzDgr+ZBRXPtgMV1nkLEGdpjrwgmtkZHEGEPaKdS/8faLDA==",
      "optional": true
    },
    "@esbuild/linux-riscv64": {
      "version": "0.17.11",
      "resolved": "https://registry.npmjs.org/@esbuild/linux-riscv64/-/linux-riscv64-0.17.11.tgz",
      "integrity": "sha512-MDLwQbtF+83oJCI1Cixn68Et/ME6gelmhssPebC40RdJaect+IM+l7o/CuG0ZlDs6tZTEIoxUe53H3GmMn8oMA==",
      "optional": true
    },
    "@esbuild/linux-s390x": {
      "version": "0.17.11",
      "resolved": "https://registry.npmjs.org/@esbuild/linux-s390x/-/linux-s390x-0.17.11.tgz",
      "integrity": "sha512-4N5EMESvws0Ozr2J94VoUD8HIRi7X0uvUv4c0wpTHZyZY9qpaaN7THjosdiW56irQ4qnJ6Lsc+i+5zGWnyqWqQ==",
      "optional": true
    },
    "@esbuild/linux-x64": {
      "version": "0.17.11",
      "resolved": "https://registry.npmjs.org/@esbuild/linux-x64/-/linux-x64-0.17.11.tgz",
      "integrity": "sha512-rM/v8UlluxpytFSmVdbCe1yyKQd/e+FmIJE2oPJvbBo+D0XVWi1y/NQ4iTNx+436WmDHQBjVLrbnAQLQ6U7wlw==",
      "optional": true
    },
    "@esbuild/netbsd-x64": {
      "version": "0.17.11",
      "resolved": "https://registry.npmjs.org/@esbuild/netbsd-x64/-/netbsd-x64-0.17.11.tgz",
      "integrity": "sha512-4WaAhuz5f91h3/g43VBGdto1Q+X7VEZfpcWGtOFXnggEuLvjV+cP6DyLRU15IjiU9fKLLk41OoJfBFN5DhPvag==",
      "optional": true
    },
    "@esbuild/openbsd-x64": {
      "version": "0.17.11",
      "resolved": "https://registry.npmjs.org/@esbuild/openbsd-x64/-/openbsd-x64-0.17.11.tgz",
      "integrity": "sha512-UBj135Nx4FpnvtE+C8TWGp98oUgBcmNmdYgl5ToKc0mBHxVVqVE7FUS5/ELMImOp205qDAittL6Ezhasc2Ev/w==",
      "optional": true
    },
    "@esbuild/sunos-x64": {
      "version": "0.17.11",
      "resolved": "https://registry.npmjs.org/@esbuild/sunos-x64/-/sunos-x64-0.17.11.tgz",
      "integrity": "sha512-1/gxTifDC9aXbV2xOfCbOceh5AlIidUrPsMpivgzo8P8zUtczlq1ncFpeN1ZyQJ9lVs2hILy1PG5KPp+w8QPPg==",
      "optional": true
    },
    "@esbuild/win32-arm64": {
      "version": "0.17.11",
      "resolved": "https://registry.npmjs.org/@esbuild/win32-arm64/-/win32-arm64-0.17.11.tgz",
      "integrity": "sha512-vtSfyx5yRdpiOW9yp6Ax0zyNOv9HjOAw8WaZg3dF5djEHKKm3UnoohftVvIJtRh0Ec7Hso0RIdTqZvPXJ7FdvQ==",
      "optional": true
    },
    "@esbuild/win32-ia32": {
      "version": "0.17.11",
      "resolved": "https://registry.npmjs.org/@esbuild/win32-ia32/-/win32-ia32-0.17.11.tgz",
      "integrity": "sha512-GFPSLEGQr4wHFTiIUJQrnJKZhZjjq4Sphf+mM76nQR6WkQn73vm7IsacmBRPkALfpOCHsopSvLgqdd4iUW2mYw==",
      "optional": true
    },
    "@esbuild/win32-x64": {
      "version": "0.17.11",
      "resolved": "https://registry.npmjs.org/@esbuild/win32-x64/-/win32-x64-0.17.11.tgz",
      "integrity": "sha512-N9vXqLP3eRL8BqSy8yn4Y98cZI2pZ8fyuHx6lKjiG2WABpT2l01TXdzq5Ma2ZUBzfB7tx5dXVhge8X9u0S70ZQ==",
      "optional": true
    },
    "@jsc/chrome": {
      "version": "file:chrome",
      "requires": {
        "@types/chrome": "^0.0.212"
      }
    },
    "@jsc/tampermonkey": {
      "version": "file:tampermonkey"
    },
    "@protobufjs/aspromise": {
      "version": "1.1.2",
      "resolved": "https://registry.npmmirror.com/@protobufjs/aspromise/-/aspromise-1.1.2.tgz",
      "integrity": "sha512-j+gKExEuLmKwvz3OgROXtrJ2UG2x8Ch2YZUxahh+s1F2HZ+wAceUNLkvy6zKCPVRkU++ZWQrdxsUeQXmcg4uoQ=="
    },
    "@protobufjs/base64": {
      "version": "1.1.2",
      "resolved": "https://registry.npmmirror.com/@protobufjs/base64/-/base64-1.1.2.tgz",
      "integrity": "sha512-AZkcAA5vnN/v4PDqKyMR5lx7hZttPDgClv83E//FMNhR2TMcLUhfRUBHCmSl0oi9zMgDDqRUJkSxO3wm85+XLg=="
    },
    "@protobufjs/codegen": {
      "version": "2.0.4",
      "resolved": "https://registry.npmmirror.com/@protobufjs/codegen/-/codegen-2.0.4.tgz",
      "integrity": "sha512-YyFaikqM5sH0ziFZCN3xDC7zeGaB/d0IUb9CATugHWbd1FRFwWwt4ld4OYMPWu5a3Xe01mGAULCdqhMlPl29Jg=="
    },
    "@protobufjs/eventemitter": {
      "version": "1.1.0",
      "resolved": "https://registry.npmmirror.com/@protobufjs/eventemitter/-/eventemitter-1.1.0.tgz",
      "integrity": "sha512-j9ednRT81vYJ9OfVuXG6ERSTdEL1xVsNgqpkxMsbIabzSo3goCjDIveeGv5d03om39ML71RdmrGNjG5SReBP/Q=="
    },
    "@protobufjs/fetch": {
      "version": "1.1.0",
      "resolved": "https://registry.npmmirror.com/@protobufjs/fetch/-/fetch-1.1.0.tgz",
      "integrity": "sha512-lljVXpqXebpsijW71PZaCYeIcE5on1w5DlQy5WH6GLbFryLUrBD4932W/E2BSpfRJWseIL4v/KPgBFxDOIdKpQ==",
      "requires": {
        "@protobufjs/aspromise": "^1.1.1",
        "@protobufjs/inquire": "^1.1.0"
      }
    },
    "@protobufjs/float": {
      "version": "1.0.2",
      "resolved": "https://registry.npmmirror.com/@protobufjs/float/-/float-1.0.2.tgz",
      "integrity": "sha512-Ddb+kVXlXst9d+R9PfTIxh1EdNkgoRe5tOX6t01f1lYWOvJnSPDBlG241QLzcyPdoNTsblLUdujGSE4RzrTZGQ=="
    },
    "@protobufjs/inquire": {
      "version": "1.1.0",
      "resolved": "https://registry.npmmirror.com/@protobufjs/inquire/-/inquire-1.1.0.tgz",
      "integrity": "sha512-kdSefcPdruJiFMVSbn801t4vFK7KB/5gd2fYvrxhuJYg8ILrmn9SKSX2tZdV6V+ksulWqS7aXjBcRXl3wHoD9Q=="
    },
    "@protobufjs/path": {
      "version": "1.1.2",
      "resolved": "https://registry.npmmirror.com/@protobufjs/path/-/path-1.1.2.tgz",
      "integrity": "sha512-6JOcJ5Tm08dOHAbdR3GrvP+yUUfkjG5ePsHYczMFLq3ZmMkAD98cDgcT2iA1lJ9NVwFd4tH/iSSoe44YWkltEA=="
    },
    "@protobufjs/pool": {
      "version": "1.1.0",
      "resolved": "https://registry.npmmirror.com/@protobufjs/pool/-/pool-1.1.0.tgz",
      "integrity": "sha512-0kELaGSIDBKvcgS4zkjz1PeddatrjYcmMWOlAuAPwAeccUrPHdUqo/J6LiymHHEiJT5NrF1UVwxY14f+fy4WQw=="
    },
    "@protobufjs/utf8": {
      "version": "1.1.0",
      "resolved": "https://registry.npmmirror.com/@protobufjs/utf8/-/utf8-1.1.0.tgz",
      "integrity": "sha512-Vvn3zZrhQZkkBE8LSuW3em98c0FwgO4nxzv6OdSxPKJIEKY2bGbHn+mhGIPerzI4twdxaP8/0+06HBpwf345Lw=="
    },
    "@types/chrome": {
      "version": "0.0.212",
      "resolved": "https://registry.npmmirror.com/@types/chrome/-/chrome-0.0.212.tgz",
      "integrity": "sha512-O9blKfj6mQyBvkexEa71xcpRfkjAu8izQD3qGYfdwffk+mJhF7eogz628bZr5dETT6Eu7vU0stUGYG/+EQWj9g==",
      "dev": true,
      "requires": {
        "@types/filesystem": "*",
        "@types/har-format": "*"
      }
    },
    "@types/filesystem": {
      "version": "0.0.32",
      "resolved": "https://registry.npmmirror.com/@types/filesystem/-/filesystem-0.0.32.tgz",
      "integrity": "sha512-Yuf4jR5YYMR2DVgwuCiP11s0xuVRyPKmz8vo6HBY3CGdeMj8af93CFZX+T82+VD1+UqHOxTq31lO7MI7lepBtQ==",
      "dev": true,
      "requires": {
        "@types/filewriter": "*"
      }
    },
    "@types/filewriter": {
      "version": "0.0.29",
      "resolved": "https://registry.npmmirror.com/@types/filewriter/-/filewriter-0.0.29.tgz",
      "integrity": "sha512-BsPXH/irW0ht0Ji6iw/jJaK8Lj3FJemon2gvEqHKpCdDCeemHa+rI3WBGq5z7cDMZgoLjY40oninGxqk+8NzNQ==",
      "dev": true
    },
    "@types/har-format": {
      "version": "1.2.10",
      "resolved": "https://registry.npmmirror.com/@types/har-format/-/har-format-1.2.10.tgz",
      "integrity": "sha512-o0J30wqycjF5miWDKYKKzzOU1ZTLuA42HZ4HE7/zqTOc/jTLdQ5NhYWvsRQo45Nfi1KHoRdNhteSI4BAxTF1Pg==",
      "dev": true
    },
    "@types/md5": {
      "version": "2.3.2",
      "resolved": "https://registry.npmmirror.com/@types/md5/-/md5-2.3.2.tgz",
      "integrity": "sha512-v+JFDu96+UYJ3/UWzB0mEglIS//MZXgRaJ4ubUPwOM0gvLc/kcQ3TWNYwENEK7/EcXGQVrW8h/XqednSjBd/Og==",
      "dev": true
    },
    "@types/node": {
      "version": "18.13.0",
      "resolved": "https://registry.npmmirror.com/@types/node/-/node-18.13.0.tgz",
      "integrity": "sha512-gC3TazRzGoOnoKAhUx+Q0t8S9Tzs74z7m0ipwGpSqQrleP14hKxP4/JUeEQcD3W1/aIpnWl8pHowI7WokuZpXg=="
    },
    "charenc": {
      "version": "0.0.2",
      "resolved": "https://registry.npmmirror.com/charenc/-/charenc-0.0.2.tgz",
      "integrity": "sha512-yrLQ/yVUFXkzg7EDQsPieE/53+0RlaWTs+wBrvW36cyilJ2SaDWfl4Yj7MtLTXleV9uEKefbAGUPv2/iWSooRA=="
    },
    "crypt": {
      "version": "0.0.2",
      "resolved": "https://registry.npmmirror.com/crypt/-/crypt-0.0.2.tgz",
      "integrity": "sha512-mCxBlsHFYh9C+HVpiEacem8FEBnMXgU9gy4zmNC+SXAZNB/1idgp/aulFJ4FgCi7GPEVbfyng092GqL2k2rmow=="
    },
    "esbuild": {
      "version": "0.17.11",
      "resolved": "https://registry.npmjs.org/esbuild/-/esbuild-0.17.11.tgz",
      "integrity": "sha512-pAMImyokbWDtnA/ufPxjQg0fYo2DDuzAlqwnDvbXqHLphe+m80eF++perYKVm8LeTuj2zUuFXC+xgSVxyoHUdg==",
      "requires": {
        "@esbuild/android-arm": "0.17.11",
        "@esbuild/android-arm64": "0.17.11",
        "@esbuild/android-x64": "0.17.11",
        "@esbuild/darwin-arm64": "0.17.11",
        "@esbuild/darwin-x64": "0.17.11",
        "@esbuild/freebsd-arm64": "0.17.11",
        "@esbuild/freebsd-x64": "0.17.11",
        "@esbuild/linux-arm": "0.17.11",
        "@esbuild/linux-arm64": "0.17.11",
        "@esbuild/linux-ia32": "0.17.11",
        "@esbuild/linux-loong64": "0.17.11",
        "@esbuild/linux-mips64el": "0.17.11",
        "@esbuild/linux-ppc64": "0.17.11",
        "@esbuild/linux-riscv64": "0.17.11",
        "@esbuild/linux-s390x": "0.17.11",
        "@esbuild/linux-x64": "0.17.11",
        "@esbuild/netbsd-x64": "0.17.11",
        "@esbuild/openbsd-x64": "0.17.11",
        "@esbuild/sunos-x64": "0.17.11",
        "@esbuild/win32-arm64": "0.17.11",
        "@esbuild/win32-ia32": "0.17.11",
        "@esbuild/win32-x64": "0.17.11"
      }
    },
    "fs-extra": {
      "version": "11.1.0",
      "resolved": "https://registry.npmmirror.com/fs-extra/-/fs-extra-11.1.0.tgz",
      "integrity": "sha512-0rcTq621PD5jM/e0a3EJoGC/1TC5ZBCERW82LQuwfGnCa1V8w7dpYH1yNu+SLb6E5dkeCBzKEyLGlFrnr+dUyw==",
      "dev": true,
      "requires": {
        "graceful-fs": "^4.2.0",
        "jsonfile": "^6.0.1",
        "universalify": "^2.0.0"
      }
    },
    "graceful-fs": {
      "version": "4.2.10",
      "resolved": "https://registry.npmmirror.com/graceful-fs/-/graceful-fs-4.2.10.tgz",
      "integrity": "sha512-9ByhssR2fPVsNZj478qUUbKfmL0+t5BDVyjShtyZZLiK7ZDAArFFfopyOTj0M05wE2tJPisA4iTnnXl2YoPvOA==",
      "dev": true
    },
    "is-buffer": {
      "version": "1.1.6",
      "resolved": "https://registry.npmmirror.com/is-buffer/-/is-buffer-1.1.6.tgz",
      "integrity": "sha512-NcdALwpXkTm5Zvvbk7owOUSvVvBKDgKP5/ewfXEznmQFfs4ZRmanOeKBTjRVjka3QFoN6XJ+9F3USqfHqTaU5w=="
    },
    "jsonfile": {
      "version": "6.1.0",
      "resolved": "https://registry.npmmirror.com/jsonfile/-/jsonfile-6.1.0.tgz",
      "integrity": "sha512-5dgndWOriYSm5cnYaJNhalLNDKOqFwyDB/rr1E9ZsGciGvKPs8R2xYGCacuf3z6K1YKDz182fd+fY3cn3pMqXQ==",
      "dev": true,
      "requires": {
        "graceful-fs": "^4.1.6",
        "universalify": "^2.0.0"
      }
    },
    "lodash.isequal": {
      "version": "4.5.0",
      "resolved": "https://registry.npmmirror.com/lodash.isequal/-/lodash.isequal-4.5.0.tgz",
      "integrity": "sha512-pDo3lu8Jhfjqls6GkMgpahsF9kCyayhgykjyLMNFTKWrpVdAQtYyB4muAMWozBB4ig/dtWAmsMxLEI8wuz+DYQ=="
    },
    "long": {
      "version": "5.2.1",
      "resolved": "https://registry.npmmirror.com/long/-/long-5.2.1.tgz",
      "integrity": "sha512-GKSNGeNAtw8IryjjkhZxuKB3JzlcLTwjtiQCHKvqQet81I93kXslhDQruGI/QsddO83mcDToBVy7GqGS/zYf/A=="
    },
    "md5": {
      "version": "2.3.0",
      "resolved": "https://registry.npmmirror.com/md5/-/md5-2.3.0.tgz",
      "integrity": "sha512-T1GITYmFaKuO91vxyoQMFETst+O71VUPEU3ze5GNzDm0OWdP8v1ziTaAEPUr/3kLsY3Sftgz242A1SetQiDL7g==",
      "requires": {
        "charenc": "0.0.2",
        "crypt": "0.0.2",
        "is-buffer": "~1.1.6"
      }
    },
    "navigation-api-types": {
      "version": "0.3.1",
      "resolved": "https://registry.npmjs.org/navigation-api-types/-/navigation-api-types-0.3.1.tgz",
      "integrity": "sha512-BLS2CtasPQrkzlju7obzdulzTSjpwVQGJroCwSihKIInxKQ4JZZvFW/nSP01u7IflTe1pdA7CSHyicQLWhauaQ==",
      "dev": true
    },
    "protobufjs": {
      "version": "7.2.2",
      "resolved": "https://registry.npmmirror.com/protobufjs/-/protobufjs-7.2.2.tgz",
      "integrity": "sha512-++PrQIjrom+bFDPpfmqXfAGSQs40116JRrqqyf53dymUMvvb5d/LMRyicRoF1AUKoXVS1/IgJXlEgcpr4gTF3Q==",
      "requires": {
        "@protobufjs/aspromise": "^1.1.2",
        "@protobufjs/base64": "^1.1.2",
        "@protobufjs/codegen": "^2.0.4",
        "@protobufjs/eventemitter": "^1.1.0",
        "@protobufjs/fetch": "^1.1.0",
        "@protobufjs/float": "^1.0.2",
        "@protobufjs/inquire": "^1.1.0",
        "@protobufjs/path": "^1.1.2",
        "@protobufjs/pool": "^1.1.0",
        "@protobufjs/utf8": "^1.1.0",
        "@types/node": ">=13.7.0",
        "long": "^5.0.0"
      }
    },
    "quill-delta-to-html-cb": {
      "version": "0.14.0",
      "resolved": "https://registry.npmmirror.com/quill-delta-to-html-cb/-/quill-delta-to-html-cb-0.14.0.tgz",
      "integrity": "sha512-BTJj+MZKMoCatpHEPkihJ9mX6swKVLflzAaAVtL51QZvZ/427L4SNm6HNosURKA/Sot+Tvi3of4nx2QrcI6rhA==",
      "requires": {
        "lodash.isequal": "^4.5.0"
      }
    },
    "typescript": {
      "version": "4.9.5",
      "resolved": "https://registry.npmmirror.com/typescript/-/typescript-4.9.5.tgz",
      "integrity": "sha512-1FXk9E2Hm+QzZQ7z+McJiHL4NW1F2EzMu9Nq9i3zAaGqibafqYwCVU6WyWAuyQRRzOlxou8xZSyXLEN8oKj24g==",
      "dev": true
    },
    "universalify": {
      "version": "2.0.0",
      "resolved": "https://registry.npmmirror.com/universalify/-/universalify-2.0.0.tgz",
      "integrity": "sha512-hAZsKq7Yy11Zu1DE0OzWjw7nnLZmJZYTDZZyEFHZdUhV8FkH5MCfoU1XMaxXovpyW5nq5scPqq0ZDP9Zyl04oQ==",
      "dev": true
    }
  }
}
