{
    "name": "@jsc/upng",
    "version": "1.0.0",
    "lockfileVersion": 2,
    "requires": true,
    "packages": {
        "": {
            "name": "@jsc/upng",
            "version": "1.0.0",
            "license": "MIT",
            "dependencies": {
                "fflate": "^0.7.4"
            }
        },
        "node_modules/fflate": {
            "version": "0.7.4",
            "resolved": "https://registry.npmmirror.com/fflate/-/fflate-0.7.4.tgz",
            "integrity": "sha512-5u2V/CDW15QM1XbbgS+0DfPxVB+jUKhWEKuuFuHncbk3tEEqzmoXL+2KyOFuKGqOnmdIy0/davWF1CkuwtibCw=="
        }
    },
    "dependencies": {
        "fflate": {
            "version": "0.7.4",
            "resolved": "https://registry.npmmirror.com/fflate/-/fflate-0.7.4.tgz",
            "integrity": "sha512-5u2V/CDW15QM1XbbgS+0DfPxVB+jUKhWEKuuFuHncbk3tEEqzmoXL+2KyOFuKGqOnmdIy0/davWF1CkuwtibCw=="
        }
    }
}
